// !$*UTF8*$!
{
	archiveVersion = 1;
	classes = {
	};
	objectVersion = 50;
	objects = {

/* Begin PBXBuildFile section */
		1A4E691D23E473FE00D6F286 /* AppDelegate.swift in Sources */ = {isa = PBXBuildFile; fileRef = 1A4E691C23E473FE00D6F286 /* AppDelegate.swift */; };
		1A4E691F23E473FE00D6F286 /* SceneDelegate.swift in Sources */ = {isa = PBXBuildFile; fileRef = 1A4E691E23E473FE00D6F286 /* SceneDelegate.swift */; };
		1A4E692123E473FE00D6F286 /* ViewController.swift in Sources */ = {isa = PBXBuildFile; fileRef = 1A4E692023E473FE00D6F286 /* ViewController.swift */; };
		1A4E692423E473FE00D6F286 /* Main.storyboard in Resources */ = {isa = PBXBuildFile; fileRef = 1A4E692223E473FE00D6F286 /* Main.storyboard */; };
		1A4E692723E473FE00D6F286 /* Git_demo.xcdatamodeld in Sources */ = {isa = PBXBuildFile; fileRef = 1A4E692523E473FE00D6F286 /* Git_demo.xcdatamodeld */; };
		1A4E692923E4740200D6F286 /* Assets.xcassets in Resources */ = {isa = PBXBuildFile; fileRef = 1A4E692823E4740200D6F286 /* Assets.xcassets */; };
		1A4E692C23E4740200D6F286 /* LaunchScreen.storyboard in Resources */ = {isa = PBXBuildFile; fileRef = 1A4E692A23E4740200D6F286 /* LaunchScreen.storyboard */; };
		1A4E693723E4740200D6F286 /* Git_demoTests.swift in Sources */ = {isa = PBXBuildFile; fileRef = 1A4E693623E4740200D6F286 /* Git_demoTests.swift */; };
		1A4E694223E4740200D6F286 /* Git_demoUITests.swift in Sources */ = {isa = PBXBuildFile; fileRef = 1A4E694123E4740200D6F286 /* Git_demoUITests.swift */; };
/* End PBXBuildFile section */

/* Begin PBXContainerItemProxy section */
		1A4E693323E4740200D6F286 /* PBXContainerItemProxy */ = {
			isa = PBXContainerItemProxy;
			containerPortal = 1A4E691123E473FE00D6F286 /* Project object */;
			proxyType = 1;
			remoteGlobalIDString = 1A4E691823E473FE00D6F286;
			remoteInfo = "Git demo";
		};
		1A4E693E23E4740200D6F286 /* PBXContainerItemProxy */ = {
			isa = PBXContainerItemProxy;
			containerPortal = 1A4E691123E473FE00D6F286 /* Project object */;
			proxyType = 1;
			remoteGlobalIDString = 1A4E691823E473FE00D6F286;
			remoteInfo = "Git demo";
		};
/* End PBXContainerItemProxy section */

/* Begin PBXFileReference section */
		1A4E691923E473FE00D6F286 /* Git demo.app */ = {isa = PBXFileReference; explicitFileType = wrapper.application; includeInIndex = 0; path = "Git demo.app"; sourceTree = BUILT_PRODUCTS_DIR; };
		1A4E691C23E473FE00D6F286 /* AppDelegate.swift */ = {isa = PBXFileReference; lastKnownFileType = sourcecode.swift; path = AppDelegate.swift; sourceTree = "<group>"; };
		1A4E691E23E473FE00D6F286 /* SceneDelegate.swift */ = {isa = PBXFileReference; lastKnownFileType = sourcecode.swift; path = SceneDelegate.swift; sourceTree = "<group>"; };
		1A4E692023E473FE00D6F286 /* ViewController.swift */ = {isa = PBXFileReference; lastKnownFileType = sourcecode.swift; path = ViewController.swift; sourceTree = "<group>"; };
		1A4E692323E473FE00D6F286 /* Base */ = {isa = PBXFileReference; lastKnownFileType = file.storyboard; name = Base; path = Base.lproj/Main.storyboard; sourceTree = "<group>"; };
		1A4E692623E473FE00D6F286 /* Git_demo.xcdatamodel */ = {isa = PBXFileReference; lastKnownFileType = wrapper.xcdatamodel; path = Git_demo.xcdatamodel; sourceTree = "<group>"; };
		1A4E692823E4740200D6F286 /* Assets.xcassets */ = {isa = PBXFileReference; lastKnownFileType = folder.assetcatalog; path = Assets.xcassets; sourceTree = "<group>"; };
		1A4E692B23E4740200D6F286 /* Base */ = {isa = PBXFileReference; lastKnownFileType = file.storyboard; name = Base; path = Base.lproj/LaunchScreen.storyboard; sourceTree = "<group>"; };
		1A4E692D23E4740200D6F286 /* Info.plist */ = {isa = PBXFileReference; lastKnownFileType = text.plist.xml; path = Info.plist; sourceTree = "<group>"; };
		1A4E693223E4740200D6F286 /* Git demoTests.xctest */ = {isa = PBXFileReference; explicitFileType = wrapper.cfbundle; includeInIndex = 0; path = "Git demoTests.xctest"; sourceTree = BUILT_PRODUCTS_DIR; };
		1A4E693623E4740200D6F286 /* Git_demoTests.swift */ = {isa = PBXFileReference; lastKnownFileType = sourcecode.swift; path = Git_demoTests.swift; sourceTree = "<group>"; };
		1A4E693823E4740200D6F286 /* Info.plist */ = {isa = PBXFileReference; lastKnownFileType = text.plist.xml; path = Info.plist; sourceTree = "<group>"; };
		1A4E693D23E4740200D6F286 /* Git demoUITests.xctest */ = {isa = PBXFileReference; explicitFileType = wrapper.cfbundle; includeInIndex = 0; path = "Git demoUITests.xctest"; sourceTree = BUILT_PRODUCTS_DIR; };
		1A4E694123E4740200D6F286 /* Git_demoUITests.swift */ = {isa = PBXFileReference; lastKnownFileType = sourcecode.swift; path = Git_demoUITests.swift; sourceTree = "<group>"; };
		1A4E694323E4740200D6F286 /* Info.plist */ = {isa = PBXFileReference; lastKnownFileType = text.plist.xml; path = Info.plist; sourceTree = "<group>"; };
/* End PBXFileReference section */

/* Begin PBXFrameworksBuildPhase section */
		1A4E691623E473FE00D6F286 /* Frameworks */ = {
			isa = PBXFrameworksBuildPhase;
			buildActionMask = 2147483647;
			files = (
			);
			runOnlyForDeploymentPostprocessing = 0;
		};
		1A4E692F23E4740200D6F286 /* Frameworks */ = {
			isa = PBXFrameworksBuildPhase;
			buildActionMask = 2147483647;
			files = (
			);
			runOnlyForDeploymentPostprocessing = 0;
		};
		1A4E693A23E4740200D6F286 /* Frameworks */ = {
			isa = PBXFrameworksBuildPhase;
			buildActionMask = 2147483647;
			files = (
			);
			runOnlyForDeploymentPostprocessing = 0;
		};
/* End PBXFrameworksBuildPhase section */

/* Begin PBXGroup section */
		1A4E691023E473FE00D6F286 = {
			isa = PBXGroup;
			children = (
				1A4E691B23E473FE00D6F286 /* Git demo */,
				1A4E693523E4740200D6F286 /* Git demoTests */,
				1A4E694023E4740200D6F286 /* Git demoUITests */,
				1A4E691A23E473FE00D6F286 /* Products */,
			);
			sourceTree = "<group>";
		};
		1A4E691A23E473FE00D6F286 /* Products */ = {
			isa = PBXGroup;
			children = (
				1A4E691923E473FE00D6F286 /* Git demo.app */,
				1A4E693223E4740200D6F286 /* Git demoTests.xctest */,
				1A4E693D23E4740200D6F286 /* Git demoUITests.xctest */,
			);
			name = Products;
			sourceTree = "<group>";
		};
		1A4E691B23E473FE00D6F286 /* Git demo */ = {
			isa = PBXGroup;
			children = (
				1A4E691C23E473FE00D6F286 /* AppDelegate.swift */,
				1A4E691E23E473FE00D6F286 /* SceneDelegate.swift */,
				1A4E692023E473FE00D6F286 /* ViewController.swift */,
				1A4E692223E473FE00D6F286 /* Main.storyboard */,
				1A4E692823E4740200D6F286 /* Assets.xcassets */,
				1A4E692A23E4740200D6F286 /* LaunchScreen.storyboard */,
				1A4E692D23E4740200D6F286 /* Info.plist */,
				1A4E692523E473FE00D6F286 /* Git_demo.xcdatamodeld */,
			);
			path = "Git demo";
			sourceTree = "<group>";
		};
		1A4E693523E4740200D6F286 /* Git demoTests */ = {
			isa = PBXGroup;
			children = (
				1A4E693623E4740200D6F286 /* Git_demoTests.swift */,
				1A4E693823E4740200D6F286 /* Info.plist */,
			);
			path = "Git demoTests";
			sourceTree = "<group>";
		};
		1A4E694023E4740200D6F286 /* Git demoUITests */ = {
			isa = PBXGroup;
			children = (
				1A4E694123E4740200D6F286 /* Git_demoUITests.swift */,
				1A4E694323E4740200D6F286 /* Info.plist */,
			);
			path = "Git demoUITests";
			sourceTree = "<group>";
		};
/* End PBXGroup section */

/* Begin PBXNativeTarget section */
		1A4E691823E473FE00D6F286 /* Git demo */ = {
			isa = PBXNativeTarget;
			buildConfigurationList = 1A4E694623E4740200D6F286 /* Build configuration list for PBXNativeTarget "Git demo" */;
			buildPhases = (
				1A4E691523E473FE00D6F286 /* Sources */,
				1A4E691623E473FE00D6F286 /* Frameworks */,
				1A4E691723E473FE00D6F286 /* Resources */,
			);
			buildRules = (
			);
			dependencies = (
			);
			name = "Git demo";
			productName = "Git demo";
			productReference = 1A4E691923E473FE00D6F286 /* Git demo.app */;
			productType = "com.apple.product-type.application";
		};
		1A4E693123E4740200D6F286 /* Git demoTests */ = {
			isa = PBXNativeTarget;
			buildConfigurationList = 1A4E694923E4740200D6F286 /* Build configuration list for PBXNativeTarget "Git demoTests" */;
			buildPhases = (
				1A4E692E23E4740200D6F286 /* Sources */,
				1A4E692F23E4740200D6F286 /* Frameworks */,
				1A4E693023E4740200D6F286 /* Resources */,
			);
			buildRules = (
			);
			dependencies = (
				1A4E693423E4740200D6F286 /* PBXTargetDependency */,
			);
			name = "Git demoTests";
			productName = "Git demoTests";
			productReference = 1A4E693223E4740200D6F286 /* Git demoTests.xctest */;
			productType = "com.apple.product-type.bundle.unit-test";
		};
		1A4E693C23E4740200D6F286 /* Git demoUITests */ = {
			isa = PBXNativeTarget;
			buildConfigurationList = 1A4E694C23E4740200D6F286 /* Build configuration list for PBXNativeTarget "Git demoUITests" */;
			buildPhases = (
				1A4E693923E4740200D6F286 /* Sources */,
				1A4E693A23E4740200D6F286 /* Frameworks */,
				1A4E693B23E4740200D6F286 /* Resources */,
			);
			buildRules = (
			);
			dependencies = (
				1A4E693F23E4740200D6F286 /* PBXTargetDependency */,
			);
			name = "Git demoUITests";
			productName = "Git demoUITests";
			productReference = 1A4E693D23E4740200D6F286 /* Git demoUITests.xctest */;
			productType = "com.apple.product-type.bundle.ui-testing";
		};
/* End PBXNativeTarget section */

/* Begin PBXProject section */
		1A4E691123E473FE00D6F286 /* Project object */ = {
			isa = PBXProject;
			attributes = {
				LastSwiftUpdateCheck = 1130;
				LastUpgradeCheck = 1130;
				ORGANIZATIONNAME = Forgeahead;
				TargetAttributes = {
					1A4E691823E473FE00D6F286 = {
						CreatedOnToolsVersion = 11.3.1;
					};
					1A4E693123E4740200D6F286 = {
						CreatedOnToolsVersion = 11.3.1;
						TestTargetID = 1A4E691823E473FE00D6F286;
					};
					1A4E693C23E4740200D6F286 = {
						CreatedOnToolsVersion = 11.3.1;
						TestTargetID = 1A4E691823E473FE00D6F286;
					};
				};
			};
			buildConfigurationList = 1A4E691423E473FE00D6F286 /* Build configuration list for PBXProject "Git demo" */;
			compatibilityVersion = "Xcode 9.3";
			developmentRegion = en;
			hasScannedForEncodings = 0;
			knownRegions = (
				en,
				Base,
			);
			mainGroup = 1A4E691023E473FE00D6F286;
			productRefGroup = 1A4E691A23E473FE00D6F286 /* Products */;
			projectDirPath = "";
			projectRoot = "";
			targets = (
				1A4E691823E473FE00D6F286 /* Git demo */,
				1A4E693123E4740200D6F286 /* Git demoTests */,
				1A4E693C23E4740200D6F286 /* Git demoUITests */,
			);
		};
/* End PBXProject section */

/* Begin PBXResourcesBuildPhase section */
		1A4E691723E473FE00D6F286 /* Resources */ = {
			isa = PBXResourcesBuildPhase;
			buildActionMask = 2147483647;
			files = (
				1A4E692C23E4740200D6F286 /* LaunchScreen.storyboard in Resources */,
				1A4E692923E4740200D6F286 /* Assets.xcassets in Resources */,
				1A4E692423E473FE00D6F286 /* Main.storyboard in Resources */,
			);
			runOnlyForDeploymentPostprocessing = 0;
		};
		1A4E693023E4740200D6F286 /* Resources */ = {
			isa = PBXResourcesBuildPhase;
			buildActionMask = 2147483647;
			files = (
			);
			runOnlyForDeploymentPostprocessing = 0;
		};
		1A4E693B23E4740200D6F286 /* Resources */ = {
			isa = PBXResourcesBuildPhase;
			buildActionMask = 2147483647;
			files = (
			);
			runOnlyForDeploymentPostprocessing = 0;
		};
/* End PBXResourcesBuildPhase section */

/* Begin PBXSourcesBuildPhase section */
		1A4E691523E473FE00D6F286 /* Sources */ = {
			isa = PBXSourcesBuildPhase;
			buildActionMask = 2147483647;
			files = (
				1A4E692123E473FE00D6F286 /* ViewController.swift in Sources */,
				1A4E692723E473FE00D6F286 /* Git_demo.xcdatamodeld in Sources */,
				1A4E691D23E473FE00D6F286 /* AppDelegate.swift in Sources */,
				1A4E691F23E473FE00D6F286 /* SceneDelegate.swift in Sources */,
			);
			runOnlyForDeploymentPostprocessing = 0;
		};
		1A4E692E23E4740200D6F286 /* Sources */ = {
			isa = PBXSourcesBuildPhase;
			buildActionMask = 2147483647;
			files = (
				1A4E693723E4740200D6F286 /* Git_demoTests.swift in Sources */,
			);
			runOnlyForDeploymentPostprocessing = 0;
		};
		1A4E693923E4740200D6F286 /* Sources */ = {
			isa = PBXSourcesBuildPhase;
			buildActionMask = 2147483647;
			files = (
				1A4E694223E4740200D6F286 /* Git_demoUITests.swift in Sources */,
			);
			runOnlyForDeploymentPostprocessing = 0;
		};
/* End PBXSourcesBuildPhase section */

/* Begin PBXTargetDependency section */
		1A4E693423E4740200D6F286 /* PBXTargetDependency */ = {
			isa = PBXTargetDependency;
			target = 1A4E691823E473FE00D6F286 /* Git demo */;
			targetProxy = 1A4E693323E4740200D6F286 /* PBXContainerItemProxy */;
		};
		1A4E693F23E4740200D6F286 /* PBXTargetDependency */ = {
			isa = PBXTargetDependency;
			target = 1A4E691823E473FE00D6F286 /* Git demo */;
			targetProxy = 1A4E693E23E4740200D6F286 /* PBXContainerItemProxy */;
		};
/* End PBXTargetDependency section */

/* Begin PBXVariantGroup section */
		1A4E692223E473FE00D6F286 /* Main.storyboard */ = {
			isa = PBXVariantGroup;
			children = (
				1A4E692323E473FE00D6F286 /* Base */,
			);
			name = Main.storyboard;
			sourceTree = "<group>";
		};
		1A4E692A23E4740200D6F286 /* LaunchScreen.storyboard */ = {
			isa = PBXVariantGroup;
			children = (
				1A4E692B23E4740200D6F286 /* Base */,
			);
			name = LaunchScreen.storyboard;
			sourceTree = "<group>";
		};
/* End PBXVariantGroup section */

/* Begin XCBuildConfiguration section */
		1A4E694423E4740200D6F286 /* Debug */ = {
			isa = XCBuildConfiguration;
			buildSettings = {
				ALWAYS_SEARCH_USER_PATHS = NO;
				CLANG_ANALYZER_NONNULL = YES;
				CLANG_ANALYZER_NUMBER_OBJECT_CONVERSION = YES_AGGRESSIVE;
				CLANG_CXX_LANGUAGE_STANDARD = "gnu++14";
				CLANG_CXX_LIBRARY = "libc++";
				CLANG_ENABLE_MODULES = YES;
				CLANG_ENABLE_OBJC_ARC = YES;
				CLANG_ENABLE_OBJC_WEAK = YES;
				CLANG_WARN_BLOCK_CAPTURE_AUTORELEASING = YES;
				CLANG_WARN_BOOL_CONVERSION = YES;
				CLANG_WARN_COMMA = YES;
				CLANG_WARN_CONSTANT_CONVERSION = YES;
				CLANG_WARN_DEPRECATED_OBJC_IMPLEMENTATIONS = YES;
				CLANG_WARN_DIRECT_OBJC_ISA_USAGE = YES_ERROR;
				CLANG_WARN_DOCUMENTATION_COMMENTS = YES;
				CLANG_WARN_EMPTY_BODY = YES;
				CLANG_WARN_ENUM_CONVERSION = YES;
				CLANG_WARN_INFINITE_RECURSION = YES;
				CLANG_WARN_INT_CONVERSION = YES;
				CLANG_WARN_NON_LITERAL_NULL_CONVERSION = YES;
				CLANG_WARN_OBJC_IMPLICIT_RETAIN_SELF = YES;
				CLANG_WARN_OBJC_LITERAL_CONVERSION = YES;
				CLANG_WARN_OBJC_ROOT_CLASS = YES_ERROR;
				CLANG_WARN_RANGE_LOOP_ANALYSIS = YES;
				CLANG_WARN_STRICT_PROTOTYPES = YES;
				CLANG_WARN_SUSPICIOUS_MOVE = YES;
				CLANG_WARN_UNGUARDED_AVAILABILITY = YES_AGGRESSIVE;
				CLANG_WARN_UNREACHABLE_CODE = YES;
				CLANG_WARN__DUPLICATE_METHOD_MATCH = YES;
				COPY_PHASE_STRIP = NO;
				DEBUG_INFORMATION_FORMAT = dwarf;
				ENABLE_STRICT_OBJC_MSGSEND = YES;
				ENABLE_TESTABILITY = YES;
				GCC_C_LANGUAGE_STANDARD = gnu11;
				GCC_DYNAMIC_NO_PIC = NO;
				GCC_NO_COMMON_BLOCKS = YES;
				GCC_OPTIMIZATION_LEVEL = 0;
				GCC_PREPROCESSOR_DEFINITIONS = (
					"DEBUG=1",
					"$(inherited)",
				);
				GCC_WARN_64_TO_32_BIT_CONVERSION = YES;
				GCC_WARN_ABOUT_RETURN_TYPE = YES_ERROR;
				GCC_WARN_UNDECLARED_SELECTOR = YES;
				GCC_WARN_UNINITIALIZED_AUTOS = YES_AGGRESSIVE;
				GCC_WARN_UNUSED_FUNCTION = YES;
				GCC_WARN_UNUSED_VARIABLE = YES;
				IPHONEOS_DEPLOYMENT_TARGET = 13.2;
				MTL_ENABLE_DEBUG_INFO = INCLUDE_SOURCE;
				MTL_FAST_MATH = YES;
				ONLY_ACTIVE_ARCH = YES;
				SDKROOT = iphoneos;
				SWIFT_ACTIVE_COMPILATION_CONDITIONS = DEBUG;
				SWIFT_OPTIMIZATION_LEVEL = "-Onone";
			};
			name = Debug;
		};
		1A4E694523E4740200D6F286 /* Release */ = {
			isa = XCBuildConfiguration;
			buildSettings = {
				ALWAYS_SEARCH_USER_PATHS = NO;
				CLANG_ANALYZER_NONNULL = YES;
				CLANG_ANALYZER_NUMBER_OBJECT_CONVERSION = YES_AGGRESSIVE;
				CLANG_CXX_LANGUAGE_STANDARD = "gnu++14";
				CLANG_CXX_LIBRARY = "libc++";
				CLANG_ENABLE_MODULES = YES;
				CLANG_ENABLE_OBJC_ARC = YES;
				CLANG_ENABLE_OBJC_WEAK = YES;
				CLANG_WARN_BLOCK_CAPTURE_AUTORELEASING = YES;
				CLANG_WARN_BOOL_CONVERSION = YES;
				CLANG_WARN_COMMA = YES;
				CLANG_WARN_CONSTANT_CONVERSION = YES;
				CLANG_WARN_DEPRECATED_OBJC_IMPLEMENTATIONS = YES;
				CLANG_WARN_DIRECT_OBJC_ISA_USAGE = YES_ERROR;
				CLANG_WARN_DOCUMENTATION_COMMENTS = YES;
				CLANG_WARN_EMPTY_BODY = YES;
				CLANG_WARN_ENUM_CONVERSION = YES;
				CLANG_WARN_INFINITE_RECURSION = YES;
				CLANG_WARN_INT_CONVERSION = YES;
				CLANG_WARN_NON_LITERAL_NULL_CONVERSION = YES;
				CLANG_WARN_OBJC_IMPLICIT_RETAIN_SELF = YES;
				CLANG_WARN_OBJC_LITERAL_CONVERSION = YES;
				CLANG_WARN_OBJC_ROOT_CLASS = YES_ERROR;
				CLANG_WARN_RANGE_LOOP_ANALYSIS = YES;
				CLANG_WARN_STRICT_PROTOTYPES = YES;
				CLANG_WARN_SUSPICIOUS_MOVE = YES;
				CLANG_WARN_UNGUARDED_AVAILABILITY = YES_AGGRESSIVE;
				CLANG_WARN_UNREACHABLE_CODE = YES;
				CLANG_WARN__DUPLICATE_METHOD_MATCH = YES;
				COPY_PHASE_STRIP = NO;
				DEBUG_INFORMATION_FORMAT = "dwarf-with-dsym";
				ENABLE_NS_ASSERTIONS = NO;
				ENABLE_STRICT_OBJC_MSGSEND = YES;
				GCC_C_LANGUAGE_STANDARD = gnu11;
				GCC_NO_COMMON_BLOCKS = YES;
				GCC_WARN_64_TO_32_BIT_CONVERSION = YES;
				GCC_WARN_ABOUT_RETURN_TYPE = YES_ERROR;
				GCC_WARN_UNDECLARED_SELECTOR = YES;
				GCC_WARN_UNINITIALIZED_AUTOS = YES_AGGRESSIVE;
				GCC_WARN_UNUSED_FUNCTION = YES;
				GCC_WARN_UNUSED_VARIABLE = YES;
				IPHONEOS_DEPLOYMENT_TARGET = 13.2;
				MTL_ENABLE_DEBUG_INFO = NO;
				MTL_FAST_MATH = YES;
				SDKROOT = iphoneos;
				SWIFT_COMPILATION_MODE = wholemodule;
				SWIFT_OPTIMIZATION_LEVEL = "-O";
				VALIDATE_PRODUCT = YES;
			};
			name = Release;
		};
		1A4E694723E4740200D6F286 /* Debug */ = {
			isa = XCBuildConfiguration;
			buildSettings = {
				ASSETCATALOG_COMPILER_APPICON_NAME = AppIcon;
				CODE_SIGN_STYLE = Automatic;
				DEVELOPMENT_TEAM = 9BMD5SZM9M;
				INFOPLIST_FILE = "Git demo/Info.plist";
				LD_RUNPATH_SEARCH_PATHS = (
					"$(inherited)",
					"@executable_path/Frameworks",
				);
				PRODUCT_BUNDLE_IDENTIFIER = "com.incognito.Git-demo";
				PRODUCT_NAME = "$(TARGET_NAME)";
				SWIFT_VERSION = 5.0;
				TARGETED_DEVICE_FAMILY = "1,2";
			};
			name = Debug;
		};
		1A4E694823E4740200D6F286 /* Release */ = {
			isa = XCBuildConfiguration;
			buildSettings = {
				ASSETCATALOG_COMPILER_APPICON_NAME = AppIcon;
				CODE_SIGN_STYLE = Automatic;
				DEVELOPMENT_TEAM = 9BMD5SZM9M;
				INFOPLIST_FILE = "Git demo/Info.plist";
				LD_RUNPATH_SEARCH_PATHS = (
					"$(inherited)",
					"@executable_path/Frameworks",
				);
				PRODUCT_BUNDLE_IDENTIFIER = "com.incognito.Git-demo";
				PRODUCT_NAME = "$(TARGET_NAME)";
				SWIFT_VERSION = 5.0;
				TARGETED_DEVICE_FAMILY = "1,2";
			};
			name = Release;
		};
		1A4E694A23E4740200D6F286 /* Debug */ = {
			isa = XCBuildConfiguration;
			buildSettings = {
				ALWAYS_EMBED_SWIFT_STANDARD_LIBRARIES = YES;
				BUNDLE_LOADER = "$(TEST_HOST)";
				CODE_SIGN_STYLE = Automatic;
				DEVELOPMENT_TEAM = 9BMD5SZM9M;
				INFOPLIST_FILE = "Git demoTests/Info.plist";
				IPHONEOS_DEPLOYMENT_TARGET = 13.2;
				LD_RUNPATH_SEARCH_PATHS = (
					"$(inherited)",
					"@executable_path/Frameworks",
					"@loader_path/Frameworks",
				);
				PRODUCT_BUNDLE_IDENTIFIER = "com.incognito.Git-demoTests";
				PRODUCT_NAME = "$(TARGET_NAME)";
				SWIFT_VERSION = 5.0;
				TARGETED_DEVICE_FAMILY = "1,2";
				TEST_HOST = "$(BUILT_PRODUCTS_DIR)/Git demo.app/Git demo";
			};
			name = Debug;
		};
		1A4E694B23E4740200D6F286 /* Release */ = {
			isa = XCBuildConfiguration;
			buildSettings = {
				ALWAYS_EMBED_SWIFT_STANDARD_LIBRARIES = YES;
				BUNDLE_LOADER = "$(TEST_HOST)";
				CODE_SIGN_STYLE = Automatic;
				DEVELOPMENT_TEAM = 9BMD5SZM9M;
				INFOPLIST_FILE = "Git demoTests/Info.plist";
				IPHONEOS_DEPLOYMENT_TARGET = 13.2;
				LD_RUNPATH_SEARCH_PATHS = (
					"$(inherited)",
					"@executable_path/Frameworks",
					"@loader_path/Frameworks",
				);
				PRODUCT_BUNDLE_IDENTIFIER = "com.incognito.Git-demoTests";
				PRODUCT_NAME = "$(TARGET_NAME)";
				SWIFT_VERSION = 5.0;
				TARGETED_DEVICE_FAMILY = "1,2";
				TEST_HOST = "$(BUILT_PRODUCTS_DIR)/Git demo.app/Git demo";
			};
			name = Release;
		};
		1A4E694D23E4740200D6F286 /* Debug */ = {
			isa = XCBuildConfiguration;
			buildSettings = {
				ALWAYS_EMBED_SWIFT_STANDARD_LIBRARIES = YES;
				CODE_SIGN_STYLE = Automatic;
				DEVELOPMENT_TEAM = 9BMD5SZM9M;
				INFOPLIST_FILE = "Git demoUITests/Info.plist";
				LD_RUNPATH_SEARCH_PATHS = (
					"$(inherited)",
					"@executable_path/Frameworks",
					"@loader_path/Frameworks",
				);
				PRODUCT_BUNDLE_IDENTIFIER = "com.incognito.Git-demoUITests";
				PRODUCT_NAME = "$(TARGET_NAME)";
				SWIFT_VERSION = 5.0;
				TARGETED_DEVICE_FAMILY = "1,2";
				TEST_TARGET_NAME = "Git demo";
			};
			name = Debug;
		};
		1A4E694E23E4740200D6F286 /* Release */ = {
			isa = XCBuildConfiguration;
			buildSettings = {
				ALWAYS_EMBED_SWIFT_STANDARD_LIBRARIES = YES;
				CODE_SIGN_STYLE = Automatic;
				DEVELOPMENT_TEAM = 9BMD5SZM9M;
				INFOPLIST_FILE = "Git demoUITests/Info.plist";
				LD_RUNPATH_SEARCH_PATHS = (
					"$(inherited)",
					"@executable_path/Frameworks",
					"@loader_path/Frameworks",
				);
				PRODUCT_BUNDLE_IDENTIFIER = "com.incognito.Git-demoUITests";
				PRODUCT_NAME = "$(TARGET_NAME)";
				SWIFT_VERSION = 5.0;
				TARGETED_DEVICE_FAMILY = "1,2";
				TEST_TARGET_NAME = "Git demo";
			};
			name = Release;
		};
/* End XCBuildConfiguration section */

/* Begin XCConfigurationList section */
		1A4E691423E473FE00D6F286 /* Build configuration list for PBXProject "Git demo" */ = {
			isa = XCConfigurationList;
			buildConfigurations = (
				1A4E694423E4740200D6F286 /* Debug */,
				1A4E694523E4740200D6F286 /* Release */,
			);
			defaultConfigurationIsVisible = 0;
			defaultConfigurationName = Release;
		};
		1A4E694623E4740200D6F286 /* Build configuration list for PBXNativeTarget "Git demo" */ = {
			isa = XCConfigurationList;
			buildConfigurations = (
				1A4E694723E4740200D6F286 /* Debug */,
				1A4E694823E4740200D6F286 /* Release */,
			);
			defaultConfigurationIsVisible = 0;
			defaultConfigurationName = Release;
		};
		1A4E694923E4740200D6F286 /* Build configuration list for PBXNativeTarget "Git demoTests" */ = {
			isa = XCConfigurationList;
			buildConfigurations = (
				1A4E694A23E4740200D6F286 /* Debug */,
				1A4E694B23E4740200D6F286 /* Release */,
			);
			defaultConfigurationIsVisible = 0;
			defaultConfigurationName = Release;
		};
		1A4E694C23E4740200D6F286 /* Build configuration list for PBXNativeTarget "Git demoUITests" */ = {
			isa = XCConfigurationList;
			buildConfigurations = (
				1A4E694D23E4740200D6F286 /* Debug */,
				1A4E694E23E4740200D6F286 /* Release */,
			);
			defaultConfigurationIsVisible = 0;
			defaultConfigurationName = Release;
		};
/* End XCConfigurationList section */

/* Begin XCVersionGroup section */
		1A4E692523E473FE00D6F286 /* Git_demo.xcdatamodeld */ = {
			isa = XCVersionGroup;
			children = (
				1A4E692623E473FE00D6F286 /* Git_demo.xcdatamodel */,
			);
			currentVersion = 1A4E692623E473FE00D6F286 /* Git_demo.xcdatamodel */;
			path = Git_demo.xcdatamodeld;
			sourceTree = "<group>";
			versionGroupType = wrapper.xcdatamodel;
		};
/* End XCVersionGroup section */
	};
	rootObject = 1A4E691123E473FE00D6F286 /* Project object */;
}
